{
  "name": "wechat-app-mall",
  "version": "8.4.0",
  "lockfileVersion": 3,
  "requires": true,
  "packages": {
    "": {
      "name": "wechat-app-mall",
      "version": "8.4.0",
      "license": "ISC",
      "dependencies": {
        "@babel/runtime": "^7.24.7",
        "@vant/weapp": "^1.6.8",
        "apifm-wxapi": "^3.36.0",
        "wxa-plugin-canvas": "^1.1.12",
        "wxbarcode": "^1.0.2"
      },
      "devDependencies": {}
    },
    "node_modules/@babel/runtime": {
      "version": "7.24.7",
      "resolved": "https://registry.npmmirror.com/@babel/runtime/-/runtime-7.24.7.tgz",
      "integrity": "sha512-UwgBRMjJP+xv857DCngvqXI3Iq6J4v0wXmwc6sapg+zyhbwmQX67LUEFrkK5tbyJ30jGuG3ZvWpBiB9LCy1kWw==",
      "dependencies": {
        "regenerator-runtime": "^0.14.0"
      },
      "engines": {
        "node": ">=6.9.0"
      }
    },
    "node_modules/@vant/weapp": {
      "version": "1.11.6",
      "resolved": "https://registry.npmmirror.com/@vant/weapp/-/weapp-1.11.6.tgz",
      "integrity": "sha512-a3heReWYT2gNdsyj6x1hBwsM8V8NrjcPAmle86NH2CD2V/i/h0le75piW6KntSfOPCwekVWMBKhysNrBpJeKdw=="
    },
    "node_modules/apifm-wxapi": {
      "version": "3.68.1",
      "resolved": "https://registry.npmmirror.com/apifm-wxapi/-/apifm-wxapi-3.68.1.tgz",
      "integrity": "sha512-+qKNIHXcqtjBC8YSAhpVjwv7K/L47Ks7DcaggjOEYY6Dc0YzG2cyl/TxZCvGl2UEj+Fczl92TjoyNBx5PILTNQ=="
    },
    "node_modules/regenerator-runtime": {
      "version": "0.14.1",
      "resolved": "https://registry.npmmirror.com/regenerator-runtime/-/regenerator-runtime-0.14.1.tgz",
      "integrity": "sha512-dYnhHh0nJoMfnkZs6GmmhFknAGRrLznOu5nc9ML+EJxGvrx6H7teuevqVqCuPcPK//3eDrrjQhehXVx9cnkGdw=="
    },
    "node_modules/wxa-plugin-canvas": {
      "version": "1.1.12",
      "resolved": "https://registry.npmmirror.com/wxa-plugin-canvas/-/wxa-plugin-canvas-1.1.12.tgz",
      "integrity": "sha512-iMmGFjXYminWm/yni0n/MprSUReAQpIL9LWLsJfr0Na/pt4Chzs2VbLsEtflZx11qtrDcfM7+1eCgj1ju6TN4w=="
    },
    "node_modules/wxbarcode": {
      "version": "1.0.2",
      "resolved": "https://registry.npmmirror.com/wxbarcode/-/wxbarcode-1.0.2.tgz",
      "integrity": "sha512-QFNva4OKNn6M3fYXLg+W+JI2FqdNeK69sSgLmxc36OPcrsDiR04If8SqGC4a6xMFHby0iiOFjIF8vsrtbXkRGA=="
    }
  }
}
